// !$*UTF8*$!
{
	archiveVersion = 1;
	classes = {
	};
	objectVersion = 50;
	objects = {

/* Begin PBXBuildFile section */
		1D3E6AFAD725E0A1D0FD0012 /* Pods_SkatlicaZdravil.framework in Frameworks */ = {isa = PBXBuildFile; fileRef = 5CE94114A6A9E21F144D9981 /* Pods_SkatlicaZdravil.framework */; };
		E93CDDFF20AD60BF00DBFA48 /* ProfileTableViewCell.swift in Sources */ = {isa = PBXBuildFile; fileRef = E93CDDFE20AD60BF00DBFA48 /* ProfileTableViewCell.swift */; };
		E93CDE0320AD73CA00DBFA48 /* ProfileTableViewController.swift in Sources */ = {isa = PBXBuildFile; fileRef = E93CDE0220AD73CA00DBFA48 /* ProfileTableViewController.swift */; };
		E93CDE0520AD74F300DBFA48 /* Profile.swift in Sources */ = {isa = PBXBuildFile; fileRef = E93CDE0420AD74F300DBFA48 /* Profile.swift */; };
		E93CDE0720ADA60800DBFA48 /* ZdraviloTableViewCell.swift in Sources */ = {isa = PBXBuildFile; fileRef = E93CDE0620ADA60800DBFA48 /* ZdraviloTableViewCell.swift */; };
		E93CDE0B20ADAAFD00DBFA48 /* Zdravilo.swift in Sources */ = {isa = PBXBuildFile; fileRef = E93CDE0A20ADAAFD00DBFA48 /* Zdravilo.swift */; };
		E93CDE0D20ADB13600DBFA48 /* ZdraviloTableViewController.swift in Sources */ = {isa = PBXBuildFile; fileRef = E93CDE0C20ADB13600DBFA48 /* ZdraviloTableViewController.swift */; };
		E93CDE0F20AEF6E000DBFA48 /* DodajanjeViewController.swift in Sources */ = {isa = PBXBuildFile; fileRef = E93CDE0E20AEF6E000DBFA48 /* DodajanjeViewController.swift */; };
		E93CDE1120AF159400DBFA48 /* PagesViewController.swift in Sources */ = {isa = PBXBuildFile; fileRef = E93CDE1020AF159400DBFA48 /* PagesViewController.swift */; };
		E94CAF8820BC2584000D088A /* simple.json in Resources */ = {isa = PBXBuildFile; fileRef = E94CAF8720BC2584000D088A /* simple.json */; };
		E94CAF8C20BC2EE5000D088A /* warfarin.json in Resources */ = {isa = PBXBuildFile; fileRef = E94CAF8920BC2EE5000D088A /* warfarin.json */; };
		E94CAF8D20BC2EE5000D088A /* controlDrug.json in Resources */ = {isa = PBXBuildFile; fileRef = E94CAF8A20BC2EE5000D088A /* controlDrug.json */; };
		E94CAF8E20BC2EE5000D088A /* tapering.json in Resources */ = {isa = PBXBuildFile; fileRef = E94CAF8B20BC2EE5000D088A /* tapering.json */; };
		E94D290C20B886C700FDB7BA /* PillViewController.swift in Sources */ = {isa = PBXBuildFile; fileRef = E94D290B20B886C700FDB7BA /* PillViewController.swift */; };
		E962423520B833E2000DA49B /* NavodilaViewController.swift in Sources */ = {isa = PBXBuildFile; fileRef = E962423420B833E2000DA49B /* NavodilaViewController.swift */; };
		E9685EE220BCC5FF009DA1D7 /* PacientiTableViewController.swift in Sources */ = {isa = PBXBuildFile; fileRef = E9685EE120BCC5FF009DA1D7 /* PacientiTableViewController.swift */; };
		E9685EE420BCC93F009DA1D7 /* AdhViewController.swift in Sources */ = {isa = PBXBuildFile; fileRef = E9685EE320BCC93F009DA1D7 /* AdhViewController.swift */; };
		E9685EE620BDEA16009DA1D7 /* database.json in Resources */ = {isa = PBXBuildFile; fileRef = E9685EE520BDEA16009DA1D7 /* database.json */; };
		E9743A0420A9F9C400784CD9 /* AppDelegate.swift in Sources */ = {isa = PBXBuildFile; fileRef = E9743A0320A9F9C400784CD9 /* AppDelegate.swift */; };
		E9743A0620A9F9C400784CD9 /* ViewController.swift in Sources */ = {isa = PBXBuildFile; fileRef = E9743A0520A9F9C400784CD9 /* ViewController.swift */; };
		E9743A0920A9F9C400784CD9 /* Main.storyboard in Resources */ = {isa = PBXBuildFile; fileRef = E9743A0720A9F9C400784CD9 /* Main.storyboard */; };
		E9743A0B20A9F9C600784CD9 /* Assets.xcassets in Resources */ = {isa = PBXBuildFile; fileRef = E9743A0A20A9F9C600784CD9 /* Assets.xcassets */; };
		E9743A0E20A9F9C600784CD9 /* LaunchScreen.storyboard in Resources */ = {isa = PBXBuildFile; fileRef = E9743A0C20A9F9C600784CD9 /* LaunchScreen.storyboard */; };
		E9743A1920A9F9C600784CD9 /* SkatlicaZdravilTests.swift in Sources */ = {isa = PBXBuildFile; fileRef = E9743A1820A9F9C600784CD9 /* SkatlicaZdravilTests.swift */; };
		E98BB4D120C55D6200239C9B /* UserNotifications.framework in Frameworks */ = {isa = PBXBuildFile; fileRef = E98BB4D020C55D6200239C9B /* UserNotifications.framework */; };
		E98BB4D320C55D6200239C9B /* UserNotificationsUI.framework in Frameworks */ = {isa = PBXBuildFile; fileRef = E98BB4D220C55D6200239C9B /* UserNotificationsUI.framework */; };
		E99631C620B43A20000CFE2A /* adherence.storyboard in Resources */ = {isa = PBXBuildFile; fileRef = E99631C520B43A20000CFE2A /* adherence.storyboard */; };
		E99631C820B4510F000CFE2A /* DanesCollectionViewController.swift in Sources */ = {isa = PBXBuildFile; fileRef = E99631C720B4510F000CFE2A /* DanesCollectionViewController.swift */; };
		E99631CA20B459E4000CFE2A /* DanesCollectionViewCell.swift in Sources */ = {isa = PBXBuildFile; fileRef = E99631C920B459E4000CFE2A /* DanesCollectionViewCell.swift */; };
		E999260420C2E04A00DC6177 /* PopupViewController.swift in Sources */ = {isa = PBXBuildFile; fileRef = E999260320C2E04A00DC6177 /* PopupViewController.swift */; };
		E9FFCF2820B55CDD00EDCA23 /* TodayPageViewController.swift in Sources */ = {isa = PBXBuildFile; fileRef = E9FFCF2720B55CDD00EDCA23 /* TodayPageViewController.swift */; };
		E9FFCF2A20B5604700EDCA23 /* UIView.swift in Sources */ = {isa = PBXBuildFile; fileRef = E9FFCF2920B5604700EDCA23 /* UIView.swift */; };
		E9FFCF2C20B5615600EDCA23 /* HeaderCollectionReusableView.swift in Sources */ = {isa = PBXBuildFile; fileRef = E9FFCF2B20B5615600EDCA23 /* HeaderCollectionReusableView.swift */; };
/* End PBXBuildFile section */

/* Begin PBXContainerItemProxy section */
		E9743A1520A9F9C600784CD9 /* PBXContainerItemProxy */ = {
			isa = PBXContainerItemProxy;
			containerPortal = E97439F820A9F9C400784CD9 /* Project object */;
			proxyType = 1;
			remoteGlobalIDString = E97439FF20A9F9C400784CD9;
			remoteInfo = SkatlicaZdravil;
		};
/* End PBXContainerItemProxy section */

/* Begin PBXFileReference section */
		5CE94114A6A9E21F144D9981 /* Pods_SkatlicaZdravil.framework */ = {isa = PBXFileReference; explicitFileType = wrapper.framework; includeInIndex = 0; path = Pods_SkatlicaZdravil.framework; sourceTree = BUILT_PRODUCTS_DIR; };
		90F9402280FDE85E5E5D951A /* Pods-SkatlicaZdravil.release.xcconfig */ = {isa = PBXFileReference; includeInIndex = 1; lastKnownFileType = text.xcconfig; name = "Pods-SkatlicaZdravil.release.xcconfig"; path = "Pods/Target Support Files/Pods-SkatlicaZdravil/Pods-SkatlicaZdravil.release.xcconfig"; sourceTree = "<group>"; };
		E3668738CDB428314A18B70E /* Pods-SkatlicaZdravil.debug.xcconfig */ = {isa = PBXFileReference; includeInIndex = 1; lastKnownFileType = text.xcconfig; name = "Pods-SkatlicaZdravil.debug.xcconfig"; path = "Pods/Target Support Files/Pods-SkatlicaZdravil/Pods-SkatlicaZdravil.debug.xcconfig"; sourceTree = "<group>"; };
		E93CDDFE20AD60BF00DBFA48 /* ProfileTableViewCell.swift */ = {isa = PBXFileReference; lastKnownFileType = sourcecode.swift; path = ProfileTableViewCell.swift; sourceTree = "<group>"; };
		E93CDE0220AD73CA00DBFA48 /* ProfileTableViewController.swift */ = {isa = PBXFileReference; lastKnownFileType = sourcecode.swift; path = ProfileTableViewController.swift; sourceTree = "<group>"; };
		E93CDE0420AD74F300DBFA48 /* Profile.swift */ = {isa = PBXFileReference; lastKnownFileType = sourcecode.swift; path = Profile.swift; sourceTree = "<group>"; };
		E93CDE0620ADA60800DBFA48 /* ZdraviloTableViewCell.swift */ = {isa = PBXFileReference; lastKnownFileType = sourcecode.swift; path = ZdraviloTableViewCell.swift; sourceTree = "<group>"; };
		E93CDE0A20ADAAFD00DBFA48 /* Zdravilo.swift */ = {isa = PBXFileReference; lastKnownFileType = sourcecode.swift; path = Zdravilo.swift; sourceTree = "<group>"; };
		E93CDE0C20ADB13600DBFA48 /* ZdraviloTableViewController.swift */ = {isa = PBXFileReference; lastKnownFileType = sourcecode.swift; path = ZdraviloTableViewController.swift; sourceTree = "<group>"; };
		E93CDE0E20AEF6E000DBFA48 /* DodajanjeViewController.swift */ = {isa = PBXFileReference; lastKnownFileType = sourcecode.swift; path = DodajanjeViewController.swift; sourceTree = "<group>"; };
		E93CDE1020AF159400DBFA48 /* PagesViewController.swift */ = {isa = PBXFileReference; lastKnownFileType = sourcecode.swift; path = PagesViewController.swift; sourceTree = "<group>"; };
		E94CAF8720BC2584000D088A /* simple.json */ = {isa = PBXFileReference; fileEncoding = 4; lastKnownFileType = text.json; path = simple.json; sourceTree = "<group>"; };
		E94CAF8920BC2EE5000D088A /* warfarin.json */ = {isa = PBXFileReference; fileEncoding = 4; lastKnownFileType = text.json; path = warfarin.json; sourceTree = "<group>"; };
		E94CAF8A20BC2EE5000D088A /* controlDrug.json */ = {isa = PBXFileReference; fileEncoding = 4; lastKnownFileType = text.json; path = controlDrug.json; sourceTree = "<group>"; };
		E94CAF8B20BC2EE5000D088A /* tapering.json */ = {isa = PBXFileReference; fileEncoding = 4; lastKnownFileType = text.json; path = tapering.json; sourceTree = "<group>"; };
		E94D290B20B886C700FDB7BA /* PillViewController.swift */ = {isa = PBXFileReference; lastKnownFileType = sourcecode.swift; path = PillViewController.swift; sourceTree = "<group>"; };
		E962423420B833E2000DA49B /* NavodilaViewController.swift */ = {isa = PBXFileReference; lastKnownFileType = sourcecode.swift; path = NavodilaViewController.swift; sourceTree = "<group>"; };
		E9685EE120BCC5FF009DA1D7 /* PacientiTableViewController.swift */ = {isa = PBXFileReference; lastKnownFileType = sourcecode.swift; path = PacientiTableViewController.swift; sourceTree = "<group>"; };
		E9685EE320BCC93F009DA1D7 /* AdhViewController.swift */ = {isa = PBXFileReference; lastKnownFileType = sourcecode.swift; path = AdhViewController.swift; sourceTree = "<group>"; };
		E9685EE520BDEA16009DA1D7 /* database.json */ = {isa = PBXFileReference; fileEncoding = 4; lastKnownFileType = text.json; path = database.json; sourceTree = "<group>"; };
		E9743A0020A9F9C400784CD9 /* SkatlicaZdravil.app */ = {isa = PBXFileReference; explicitFileType = wrapper.application; includeInIndex = 0; path = SkatlicaZdravil.app; sourceTree = BUILT_PRODUCTS_DIR; };
		E9743A0320A9F9C400784CD9 /* AppDelegate.swift */ = {isa = PBXFileReference; lastKnownFileType = sourcecode.swift; path = AppDelegate.swift; sourceTree = "<group>"; };
		E9743A0520A9F9C400784CD9 /* ViewController.swift */ = {isa = PBXFileReference; lastKnownFileType = sourcecode.swift; path = ViewController.swift; sourceTree = "<group>"; };
		E9743A0820A9F9C400784CD9 /* Base */ = {isa = PBXFileReference; lastKnownFileType = file.storyboard; name = Base; path = Base.lproj/Main.storyboard; sourceTree = "<group>"; };
		E9743A0A20A9F9C600784CD9 /* Assets.xcassets */ = {isa = PBXFileReference; lastKnownFileType = folder.assetcatalog; path = Assets.xcassets; sourceTree = "<group>"; };
		E9743A0D20A9F9C600784CD9 /* Base */ = {isa = PBXFileReference; lastKnownFileType = file.storyboard; name = Base; path = Base.lproj/LaunchScreen.storyboard; sourceTree = "<group>"; };
		E9743A0F20A9F9C600784CD9 /* Info.plist */ = {isa = PBXFileReference; lastKnownFileType = text.plist.xml; path = Info.plist; sourceTree = "<group>"; };
		E9743A1420A9F9C600784CD9 /* SkatlicaZdravilTests.xctest */ = {isa = PBXFileReference; explicitFileType = wrapper.cfbundle; includeInIndex = 0; path = SkatlicaZdravilTests.xctest; sourceTree = BUILT_PRODUCTS_DIR; };
		E9743A1820A9F9C600784CD9 /* SkatlicaZdravilTests.swift */ = {isa = PBXFileReference; lastKnownFileType = sourcecode.swift; path = SkatlicaZdravilTests.swift; sourceTree = "<group>"; };
		E9743A1A20A9F9C600784CD9 /* Info.plist */ = {isa = PBXFileReference; lastKnownFileType = text.plist.xml; path = Info.plist; sourceTree = "<group>"; };
		E98BB4CF20C55D6200239C9B /* cusotmNotif.appex */ = {isa = PBXFileReference; explicitFileType = "wrapper.app-extension"; includeInIndex = 0; path = cusotmNotif.appex; sourceTree = BUILT_PRODUCTS_DIR; };
		E98BB4D020C55D6200239C9B /* UserNotifications.framework */ = {isa = PBXFileReference; lastKnownFileType = wrapper.framework; name = UserNotifications.framework; path = System/Library/Frameworks/UserNotifications.framework; sourceTree = SDKROOT; };
		E98BB4D220C55D6200239C9B /* UserNotificationsUI.framework */ = {isa = PBXFileReference; lastKnownFileType = wrapper.framework; name = UserNotificationsUI.framework; path = System/Library/Frameworks/UserNotificationsUI.framework; sourceTree = SDKROOT; };
		E99631C520B43A20000CFE2A /* adherence.storyboard */ = {isa = PBXFileReference; lastKnownFileType = file.storyboard; path = adherence.storyboard; sourceTree = "<group>"; };
		E99631C720B4510F000CFE2A /* DanesCollectionViewController.swift */ = {isa = PBXFileReference; lastKnownFileType = sourcecode.swift; path = DanesCollectionViewController.swift; sourceTree = "<group>"; };
		E99631C920B459E4000CFE2A /* DanesCollectionViewCell.swift */ = {isa = PBXFileReference; lastKnownFileType = sourcecode.swift; path = DanesCollectionViewCell.swift; sourceTree = "<group>"; };
		E999260320C2E04A00DC6177 /* PopupViewController.swift */ = {isa = PBXFileReference; lastKnownFileType = sourcecode.swift; path = PopupViewController.swift; sourceTree = "<group>"; };
		E9FFCF2720B55CDD00EDCA23 /* TodayPageViewController.swift */ = {isa = PBXFileReference; lastKnownFileType = sourcecode.swift; path = TodayPageViewController.swift; sourceTree = "<group>"; };
		E9FFCF2920B5604700EDCA23 /* UIView.swift */ = {isa = PBXFileReference; fileEncoding = 4; lastKnownFileType = sourcecode.swift; path = UIView.swift; sourceTree = "<group>"; };
		E9FFCF2B20B5615600EDCA23 /* HeaderCollectionReusableView.swift */ = {isa = PBXFileReference; lastKnownFileType = sourcecode.swift; path = HeaderCollectionReusableView.swift; sourceTree = "<group>"; };
/* End PBXFileReference section */

/* Begin PBXFrameworksBuildPhase section */
		E97439FD20A9F9C400784CD9 /* Frameworks */ = {
			isa = PBXFrameworksBuildPhase;
			buildActionMask = 2147483647;
			files = (
				1D3E6AFAD725E0A1D0FD0012 /* Pods_SkatlicaZdravil.framework in Frameworks */,
			);
			runOnlyForDeploymentPostprocessing = 0;
		};
		E9743A1120A9F9C600784CD9 /* Frameworks */ = {
			isa = PBXFrameworksBuildPhase;
			buildActionMask = 2147483647;
			files = (
			);
			runOnlyForDeploymentPostprocessing = 0;
		};
		E98BB4CC20C55D6200239C9B /* Frameworks */ = {
			isa = PBXFrameworksBuildPhase;
			buildActionMask = 2147483647;
			files = (
				E98BB4D320C55D6200239C9B /* UserNotificationsUI.framework in Frameworks */,
				E98BB4D120C55D6200239C9B /* UserNotifications.framework in Frameworks */,
			);
			runOnlyForDeploymentPostprocessing = 0;
		};
/* End PBXFrameworksBuildPhase section */

/* Begin PBXGroup section */
		3B640105DBCE7EBF6412BBF5 /* Pods */ = {
			isa = PBXGroup;
			children = (
				E3668738CDB428314A18B70E /* Pods-SkatlicaZdravil.debug.xcconfig */,
				90F9402280FDE85E5E5D951A /* Pods-SkatlicaZdravil.release.xcconfig */,
			);
			name = Pods;
			sourceTree = "<group>";
		};
		9C12C6A4CE68D9E7C6A7DE93 /* Frameworks */ = {
			isa = PBXGroup;
			children = (
				5CE94114A6A9E21F144D9981 /* Pods_SkatlicaZdravil.framework */,
				E98BB4D020C55D6200239C9B /* UserNotifications.framework */,
				E98BB4D220C55D6200239C9B /* UserNotificationsUI.framework */,
			);
			name = Frameworks;
			sourceTree = "<group>";
		};
		E93CDE1220AF1E6900DBFA48 /* Controllers */ = {
			isa = PBXGroup;
			children = (
				E93CDE1020AF159400DBFA48 /* PagesViewController.swift */,
				E93CDE0E20AEF6E000DBFA48 /* DodajanjeViewController.swift */,
				E93CDE0620ADA60800DBFA48 /* ZdraviloTableViewCell.swift */,
				E93CDE0C20ADB13600DBFA48 /* ZdraviloTableViewController.swift */,
				E93CDDFE20AD60BF00DBFA48 /* ProfileTableViewCell.swift */,
				E93CDE0220AD73CA00DBFA48 /* ProfileTableViewController.swift */,
			);
			path = Controllers;
			sourceTree = "<group>";
		};
		E93CDE1320AF1E7B00DBFA48 /* Stroyboards */ = {
			isa = PBXGroup;
			children = (
				E9743A0720A9F9C400784CD9 /* Main.storyboard */,
				E9743A0C20A9F9C600784CD9 /* LaunchScreen.storyboard */,
				E99631C520B43A20000CFE2A /* adherence.storyboard */,
			);
			path = Stroyboards;
			sourceTree = "<group>";
		};
		E93CDE1420AF1E9800DBFA48 /* Data */ = {
			isa = PBXGroup;
			children = (
				E9685EE520BDEA16009DA1D7 /* database.json */,
				E94CAF8A20BC2EE5000D088A /* controlDrug.json */,
				E94CAF8B20BC2EE5000D088A /* tapering.json */,
				E94CAF8920BC2EE5000D088A /* warfarin.json */,
				E94CAF8720BC2584000D088A /* simple.json */,
				E93CDE0420AD74F300DBFA48 /* Profile.swift */,
				E93CDE0A20ADAAFD00DBFA48 /* Zdravilo.swift */,
			);
			path = Data;
			sourceTree = "<group>";
		};
		E97439F720A9F9C400784CD9 = {
			isa = PBXGroup;
			children = (
				E9743A0220A9F9C400784CD9 /* SkatlicaZdravil */,
				E9743A1720A9F9C600784CD9 /* SkatlicaZdravilTests */,
				E9743A0120A9F9C400784CD9 /* Products */,
				3B640105DBCE7EBF6412BBF5 /* Pods */,
				9C12C6A4CE68D9E7C6A7DE93 /* Frameworks */,
			);
			sourceTree = "<group>";
		};
		E9743A0120A9F9C400784CD9 /* Products */ = {
			isa = PBXGroup;
			children = (
				E9743A0020A9F9C400784CD9 /* SkatlicaZdravil.app */,
				E9743A1420A9F9C600784CD9 /* SkatlicaZdravilTests.xctest */,
				E98BB4CF20C55D6200239C9B /* cusotmNotif.appex */,
			);
			name = Products;
			sourceTree = "<group>";
		};
		E9743A0220A9F9C400784CD9 /* SkatlicaZdravil */ = {
			isa = PBXGroup;
			children = (
				E9FFCF2920B5604700EDCA23 /* UIView.swift */,
				E9743A0F20A9F9C600784CD9 /* Info.plist */,
				E9743A0320A9F9C400784CD9 /* AppDelegate.swift */,
				E9743A0520A9F9C400784CD9 /* ViewController.swift */,
				E93CDE1420AF1E9800DBFA48 /* Data */,
				E93CDE1320AF1E7B00DBFA48 /* Stroyboards */,
				E93CDE1220AF1E6900DBFA48 /* Controllers */,
				E9743A0A20A9F9C600784CD9 /* Assets.xcassets */,
				E99631C720B4510F000CFE2A /* DanesCollectionViewController.swift */,
				E99631C920B459E4000CFE2A /* DanesCollectionViewCell.swift */,
				E9FFCF2720B55CDD00EDCA23 /* TodayPageViewController.swift */,
				E9FFCF2B20B5615600EDCA23 /* HeaderCollectionReusableView.swift */,
				E962423420B833E2000DA49B /* NavodilaViewController.swift */,
				E94D290B20B886C700FDB7BA /* PillViewController.swift */,
				E9685EE120BCC5FF009DA1D7 /* PacientiTableViewController.swift */,
				E9685EE320BCC93F009DA1D7 /* AdhViewController.swift */,
				E999260320C2E04A00DC6177 /* PopupViewController.swift */,
			);
			path = SkatlicaZdravil;
			sourceTree = "<group>";
		};
		E9743A1720A9F9C600784CD9 /* SkatlicaZdravilTests */ = {
			isa = PBXGroup;
			children = (
				E9743A1820A9F9C600784CD9 /* SkatlicaZdravilTests.swift */,
				E9743A1A20A9F9C600784CD9 /* Info.plist */,
			);
			path = SkatlicaZdravilTests;
			sourceTree = "<group>";
		};
/* End PBXGroup section */

/* Begin PBXNativeTarget section */
		E97439FF20A9F9C400784CD9 /* SkatlicaZdravil */ = {
			isa = PBXNativeTarget;
			buildConfigurationList = E9743A1D20A9F9C600784CD9 /* Build configuration list for PBXNativeTarget "SkatlicaZdravil" */;
			buildPhases = (
				9FA40CA3F84480C583C64B9F /* [CP] Check Pods Manifest.lock */,
				E97439FC20A9F9C400784CD9 /* Sources */,
				E97439FD20A9F9C400784CD9 /* Frameworks */,
				E97439FE20A9F9C400784CD9 /* Resources */,
				370E7C02DF2B0BB0A2D6B7E9 /* [CP] Embed Pods Frameworks */,
			);
			buildRules = (
			);
			dependencies = (
			);
			name = SkatlicaZdravil;
			productName = SkatlicaZdravil;
			productReference = E9743A0020A9F9C400784CD9 /* SkatlicaZdravil.app */;
			productType = "com.apple.product-type.application";
		};
		E9743A1320A9F9C600784CD9 /* SkatlicaZdravilTests */ = {
			isa = PBXNativeTarget;
			buildConfigurationList = E9743A2020A9F9C600784CD9 /* Build configuration list for PBXNativeTarget "SkatlicaZdravilTests" */;
			buildPhases = (
				E9743A1020A9F9C600784CD9 /* Sources */,
				E9743A1120A9F9C600784CD9 /* Frameworks */,
				E9743A1220A9F9C600784CD9 /* Resources */,
			);
			buildRules = (
			);
			dependencies = (
				E9743A1620A9F9C600784CD9 /* PBXTargetDependency */,
			);
			name = SkatlicaZdravilTests;
			productName = SkatlicaZdravilTests;
			productReference = E9743A1420A9F9C600784CD9 /* SkatlicaZdravilTests.xctest */;
			productType = "com.apple.product-type.bundle.unit-test";
		};
		E98BB4CE20C55D6200239C9B /* cusotmNotif */ = {
			isa = PBXNativeTarget;
			buildConfigurationList = E98BB4DE20C55D6200239C9B /* Build configuration list for PBXNativeTarget "cusotmNotif" */;
			buildPhases = (
				E98BB4CB20C55D6200239C9B /* Sources */,
				E98BB4CC20C55D6200239C9B /* Frameworks */,
				E98BB4CD20C55D6200239C9B /* Resources */,
			);
			buildRules = (
			);
			dependencies = (
			);
			name = cusotmNotif;
			productName = cusotmNotif;
			productReference = E98BB4CF20C55D6200239C9B /* cusotmNotif.appex */;
			productType = "com.apple.product-type.app-extension";
		};
/* End PBXNativeTarget section */

/* Begin PBXProject section */
		E97439F820A9F9C400784CD9 /* Project object */ = {
			isa = PBXProject;
			attributes = {
				LastSwiftUpdateCheck = 0930;
				LastUpgradeCheck = 0930;
				ORGANIZATIONNAME = Neza;
				TargetAttributes = {
					E97439FF20A9F9C400784CD9 = {
						CreatedOnToolsVersion = 9.3;
					};
					E9743A1320A9F9C600784CD9 = {
						CreatedOnToolsVersion = 9.3;
						TestTargetID = E97439FF20A9F9C400784CD9;
					};
					E98BB4CE20C55D6200239C9B = {
						CreatedOnToolsVersion = 9.3;
					};
				};
			};
			buildConfigurationList = E97439FB20A9F9C400784CD9 /* Build configuration list for PBXProject "SkatlicaZdravil" */;
			compatibilityVersion = "Xcode 9.3";
			developmentRegion = en;
			hasScannedForEncodings = 0;
			knownRegions = (
				en,
				Base,
			);
			mainGroup = E97439F720A9F9C400784CD9;
			productRefGroup = E9743A0120A9F9C400784CD9 /* Products */;
			projectDirPath = "";
			projectRoot = "";
			targets = (
				E97439FF20A9F9C400784CD9 /* SkatlicaZdravil */,
				E9743A1320A9F9C600784CD9 /* SkatlicaZdravilTests */,
				E98BB4CE20C55D6200239C9B /* cusotmNotif */,
			);
		};
/* End PBXProject section */

/* Begin PBXResourcesBuildPhase section */
		E97439FE20A9F9C400784CD9 /* Resources */ = {
			isa = PBXResourcesBuildPhase;
			buildActionMask = 2147483647;
			files = (
				E94CAF8D20BC2EE5000D088A /* controlDrug.json in Resources */,
				E9743A0E20A9F9C600784CD9 /* LaunchScreen.storyboard in Resources */,
				E94CAF8C20BC2EE5000D088A /* warfarin.json in Resources */,
				E9743A0B20A9F9C600784CD9 /* Assets.xcassets in Resources */,
				E99631C620B43A20000CFE2A /* adherence.storyboard in Resources */,
				E9743A0920A9F9C400784CD9 /* Main.storyboard in Resources */,
				E94CAF8820BC2584000D088A /* simple.json in Resources */,
				E9685EE620BDEA16009DA1D7 /* database.json in Resources */,
				E94CAF8E20BC2EE5000D088A /* tapering.json in Resources */,
			);
			runOnlyForDeploymentPostprocessing = 0;
		};
		E9743A1220A9F9C600784CD9 /* Resources */ = {
			isa = PBXResourcesBuildPhase;
			buildActionMask = 2147483647;
			files = (
			);
			runOnlyForDeploymentPostprocessing = 0;
		};
		E98BB4CD20C55D6200239C9B /* Resources */ = {
			isa = PBXResourcesBuildPhase;
			buildActionMask = 2147483647;
			files = (
			);
			runOnlyForDeploymentPostprocessing = 0;
		};
/* End PBXResourcesBuildPhase section */

/* Begin PBXShellScriptBuildPhase section */
		370E7C02DF2B0BB0A2D6B7E9 /* [CP] Embed Pods Frameworks */ = {
			isa = PBXShellScriptBuildPhase;
			buildActionMask = 2147483647;
			files = (
			);
			inputPaths = (
				"${SRCROOT}/Pods/Target Support Files/Pods-SkatlicaZdravil/Pods-SkatlicaZdravil-frameworks.sh",
				"${BUILT_PRODUCTS_DIR}/SwiftyJSON/SwiftyJSON.framework",
			);
			name = "[CP] Embed Pods Frameworks";
			outputPaths = (
				"${TARGET_BUILD_DIR}/${FRAMEWORKS_FOLDER_PATH}/SwiftyJSON.framework",
			);
			runOnlyForDeploymentPostprocessing = 0;
			shellPath = /bin/sh;
			shellScript = "\"${SRCROOT}/Pods/Target Support Files/Pods-SkatlicaZdravil/Pods-SkatlicaZdravil-frameworks.sh\"\n";
			showEnvVarsInLog = 0;
		};
		9FA40CA3F84480C583C64B9F /* [CP] Check Pods Manifest.lock */ = {
			isa = PBXShellScriptBuildPhase;
			buildActionMask = 2147483647;
			files = (
			);
			inputPaths = (
				"${PODS_PODFILE_DIR_PATH}/Podfile.lock",
				"${PODS_ROOT}/Manifest.lock",
			);
			name = "[CP] Check Pods Manifest.lock";
			outputPaths = (
				"$(DERIVED_FILE_DIR)/Pods-SkatlicaZdravil-checkManifestLockResult.txt",
			);
			runOnlyForDeploymentPostprocessing = 0;
			shellPath = /bin/sh;
			shellScript = "diff \"${PODS_PODFILE_DIR_PATH}/Podfile.lock\" \"${PODS_ROOT}/Manifest.lock\" > /dev/null\nif [ $? != 0 ] ; then\n    # print error to STDERR\n    echo \"error: The sandbox is not in sync with the Podfile.lock. Run 'pod install' or update your CocoaPods installation.\" >&2\n    exit 1\nfi\n# This output is used by Xcode 'outputs' to avoid re-running this script phase.\necho \"SUCCESS\" > \"${SCRIPT_OUTPUT_FILE_0}\"\n";
			showEnvVarsInLog = 0;
		};
/* End PBXShellScriptBuildPhase section */

/* Begin PBXSourcesBuildPhase section */
		E97439FC20A9F9C400784CD9 /* Sources */ = {
			isa = PBXSourcesBuildPhase;
			buildActionMask = 2147483647;
			files = (
				E93CDDFF20AD60BF00DBFA48 /* ProfileTableViewCell.swift in Sources */,
				E94D290C20B886C700FDB7BA /* PillViewController.swift in Sources */,
				E99631C820B4510F000CFE2A /* DanesCollectionViewController.swift in Sources */,
				E93CDE0520AD74F300DBFA48 /* Profile.swift in Sources */,
				E9743A0620A9F9C400784CD9 /* ViewController.swift in Sources */,
				E962423520B833E2000DA49B /* NavodilaViewController.swift in Sources */,
				E93CDE0D20ADB13600DBFA48 /* ZdraviloTableViewController.swift in Sources */,
				E93CDE0B20ADAAFD00DBFA48 /* Zdravilo.swift in Sources */,
				E99631CA20B459E4000CFE2A /* DanesCollectionViewCell.swift in Sources */,
				E9FFCF2820B55CDD00EDCA23 /* TodayPageViewController.swift in Sources */,
				E9685EE220BCC5FF009DA1D7 /* PacientiTableViewController.swift in Sources */,
				E93CDE0320AD73CA00DBFA48 /* ProfileTableViewController.swift in Sources */,
				E93CDE0F20AEF6E000DBFA48 /* DodajanjeViewController.swift in Sources */,
				E9685EE420BCC93F009DA1D7 /* AdhViewController.swift in Sources */,
				E9FFCF2A20B5604700EDCA23 /* UIView.swift in Sources */,
				E999260420C2E04A00DC6177 /* PopupViewController.swift in Sources */,
				E93CDE0720ADA60800DBFA48 /* ZdraviloTableViewCell.swift in Sources */,
				E93CDE1120AF159400DBFA48 /* PagesViewController.swift in Sources */,
				E9FFCF2C20B5615600EDCA23 /* HeaderCollectionReusableView.swift in Sources */,
				E9743A0420A9F9C400784CD9 /* AppDelegate.swift in Sources */,
			);
			runOnlyForDeploymentPostprocessing = 0;
		};
		E9743A1020A9F9C600784CD9 /* Sources */ = {
			isa = PBXSourcesBuildPhase;
			buildActionMask = 2147483647;
			files = (
				E9743A1920A9F9C600784CD9 /* SkatlicaZdravilTests.swift in Sources */,
			);
			runOnlyForDeploymentPostprocessing = 0;
		};
		E98BB4CB20C55D6200239C9B /* Sources */ = {
			isa = PBXSourcesBuildPhase;
			buildActionMask = 2147483647;
			files = (
			);
			runOnlyForDeploymentPostprocessing = 0;
		};
/* End PBXSourcesBuildPhase section */

/* Begin PBXTargetDependency section */
		E9743A1620A9F9C600784CD9 /* PBXTargetDependency */ = {
			isa = PBXTargetDependency;
			target = E97439FF20A9F9C400784CD9 /* SkatlicaZdravil */;
			targetProxy = E9743A1520A9F9C600784CD9 /* PBXContainerItemProxy */;
		};
/* End PBXTargetDependency section */

/* Begin PBXVariantGroup section */
		E9743A0720A9F9C400784CD9 /* Main.storyboard */ = {
			isa = PBXVariantGroup;
			children = (
				E9743A0820A9F9C400784CD9 /* Base */,
			);
			name = Main.storyboard;
			sourceTree = "<group>";
		};
		E9743A0C20A9F9C600784CD9 /* LaunchScreen.storyboard */ = {
			isa = PBXVariantGroup;
			children = (
				E9743A0D20A9F9C600784CD9 /* Base */,
			);
			name = LaunchScreen.storyboard;
			sourceTree = "<group>";
		};
/* End PBXVariantGroup section */

/* Begin XCBuildConfiguration section */
		E9743A1B20A9F9C600784CD9 /* Debug */ = {
			isa = XCBuildConfiguration;
			buildSettings = {
				ALWAYS_SEARCH_USER_PATHS = NO;
				CLANG_ANALYZER_NONNULL = YES;
				CLANG_ANALYZER_NUMBER_OBJECT_CONVERSION = YES_AGGRESSIVE;
				CLANG_CXX_LANGUAGE_STANDARD = "gnu++14";
				CLANG_CXX_LIBRARY = "libc++";
				CLANG_ENABLE_MODULES = YES;
				CLANG_ENABLE_OBJC_ARC = YES;
				CLANG_ENABLE_OBJC_WEAK = YES;
				CLANG_WARN_BLOCK_CAPTURE_AUTORELEASING = YES;
				CLANG_WARN_BOOL_CONVERSION = YES;
				CLANG_WARN_COMMA = YES;
				CLANG_WARN_CONSTANT_CONVERSION = YES;
				CLANG_WARN_DEPRECATED_OBJC_IMPLEMENTATIONS = YES;
				CLANG_WARN_DIRECT_OBJC_ISA_USAGE = YES_ERROR;
				CLANG_WARN_DOCUMENTATION_COMMENTS = YES;
				CLANG_WARN_EMPTY_BODY = YES;
				CLANG_WARN_ENUM_CONVERSION = YES;
				CLANG_WARN_INFINITE_RECURSION = YES;
				CLANG_WARN_INT_CONVERSION = YES;
				CLANG_WARN_NON_LITERAL_NULL_CONVERSION = YES;
				CLANG_WARN_OBJC_IMPLICIT_RETAIN_SELF = YES;
				CLANG_WARN_OBJC_LITERAL_CONVERSION = YES;
				CLANG_WARN_OBJC_ROOT_CLASS = YES_ERROR;
				CLANG_WARN_RANGE_LOOP_ANALYSIS = YES;
				CLANG_WARN_STRICT_PROTOTYPES = YES;
				CLANG_WARN_SUSPICIOUS_MOVE = YES;
				CLANG_WARN_UNGUARDED_AVAILABILITY = YES_AGGRESSIVE;
				CLANG_WARN_UNREACHABLE_CODE = YES;
				CLANG_WARN__DUPLICATE_METHOD_MATCH = YES;
				CODE_SIGN_IDENTITY = "iPhone Developer";
				COPY_PHASE_STRIP = NO;
				DEBUG_INFORMATION_FORMAT = dwarf;
				ENABLE_STRICT_OBJC_MSGSEND = YES;
				ENABLE_TESTABILITY = YES;
				GCC_C_LANGUAGE_STANDARD = gnu11;
				GCC_DYNAMIC_NO_PIC = NO;
				GCC_NO_COMMON_BLOCKS = YES;
				GCC_OPTIMIZATION_LEVEL = 0;
				GCC_PREPROCESSOR_DEFINITIONS = (
					"DEBUG=1",
					"$(inherited)",
				);
				GCC_WARN_64_TO_32_BIT_CONVERSION = YES;
				GCC_WARN_ABOUT_RETURN_TYPE = YES_ERROR;
				GCC_WARN_UNDECLARED_SELECTOR = YES;
				GCC_WARN_UNINITIALIZED_AUTOS = YES_AGGRESSIVE;
				GCC_WARN_UNUSED_FUNCTION = YES;
				GCC_WARN_UNUSED_VARIABLE = YES;
				IPHONEOS_DEPLOYMENT_TARGET = 11.3;
				MTL_ENABLE_DEBUG_INFO = YES;
				ONLY_ACTIVE_ARCH = YES;
				SDKROOT = iphoneos;
				SWIFT_ACTIVE_COMPILATION_CONDITIONS = DEBUG;
				SWIFT_OPTIMIZATION_LEVEL = "-Onone";
			};
			name = Debug;
		};
		E9743A1C20A9F9C600784CD9 /* Release */ = {
			isa = XCBuildConfiguration;
			buildSettings = {
				ALWAYS_SEARCH_USER_PATHS = NO;
				CLANG_ANALYZER_NONNULL = YES;
				CLANG_ANALYZER_NUMBER_OBJECT_CONVERSION = YES_AGGRESSIVE;
				CLANG_CXX_LANGUAGE_STANDARD = "gnu++14";
				CLANG_CXX_LIBRARY = "libc++";
				CLANG_ENABLE_MODULES = YES;
				CLANG_ENABLE_OBJC_ARC = YES;
				CLANG_ENABLE_OBJC_WEAK = YES;
				CLANG_WARN_BLOCK_CAPTURE_AUTORELEASING = YES;
				CLANG_WARN_BOOL_CONVERSION = YES;
				CLANG_WARN_COMMA = YES;
				CLANG_WARN_CONSTANT_CONVERSION = YES;
				CLANG_WARN_DEPRECATED_OBJC_IMPLEMENTATIONS = YES;
				CLANG_WARN_DIRECT_OBJC_ISA_USAGE = YES_ERROR;
				CLANG_WARN_DOCUMENTATION_COMMENTS = YES;
				CLANG_WARN_EMPTY_BODY = YES;
				CLANG_WARN_ENUM_CONVERSION = YES;
				CLANG_WARN_INFINITE_RECURSION = YES;
				CLANG_WARN_INT_CONVERSION = YES;
				CLANG_WARN_NON_LITERAL_NULL_CONVERSION = YES;
				CLANG_WARN_OBJC_IMPLICIT_RETAIN_SELF = YES;
				CLANG_WARN_OBJC_LITERAL_CONVERSION = YES;
				CLANG_WARN_OBJC_ROOT_CLASS = YES_ERROR;
				CLANG_WARN_RANGE_LOOP_ANALYSIS = YES;
				CLANG_WARN_STRICT_PROTOTYPES = YES;
				CLANG_WARN_SUSPICIOUS_MOVE = YES;
				CLANG_WARN_UNGUARDED_AVAILABILITY = YES_AGGRESSIVE;
				CLANG_WARN_UNREACHABLE_CODE = YES;
				CLANG_WARN__DUPLICATE_METHOD_MATCH = YES;
				CODE_SIGN_IDENTITY = "iPhone Developer";
				COPY_PHASE_STRIP = NO;
				DEBUG_INFORMATION_FORMAT = "dwarf-with-dsym";
				ENABLE_NS_ASSERTIONS = NO;
				ENABLE_STRICT_OBJC_MSGSEND = YES;
				GCC_C_LANGUAGE_STANDARD = gnu11;
				GCC_NO_COMMON_BLOCKS = YES;
				GCC_WARN_64_TO_32_BIT_CONVERSION = YES;
				GCC_WARN_ABOUT_RETURN_TYPE = YES_ERROR;
				GCC_WARN_UNDECLARED_SELECTOR = YES;
				GCC_WARN_UNINITIALIZED_AUTOS = YES_AGGRESSIVE;
				GCC_WARN_UNUSED_FUNCTION = YES;
				GCC_WARN_UNUSED_VARIABLE = YES;
				IPHONEOS_DEPLOYMENT_TARGET = 11.3;
				MTL_ENABLE_DEBUG_INFO = NO;
				SDKROOT = iphoneos;
				SWIFT_COMPILATION_MODE = wholemodule;
				SWIFT_OPTIMIZATION_LEVEL = "-O";
				VALIDATE_PRODUCT = YES;
			};
			name = Release;
		};
		E9743A1E20A9F9C600784CD9 /* Debug */ = {
			isa = XCBuildConfiguration;
			baseConfigurationReference = E3668738CDB428314A18B70E /* Pods-SkatlicaZdravil.debug.xcconfig */;
			buildSettings = {
				ASSETCATALOG_COMPILER_APPICON_NAME = AppIcon;
				CODE_SIGN_STYLE = Automatic;
				DEVELOPMENT_TEAM = 25XAC893UN;
				INFOPLIST_FILE = SkatlicaZdravil/Info.plist;
				LD_RUNPATH_SEARCH_PATHS = (
					"$(inherited)",
					"@executable_path/Frameworks",
				);
				PRODUCT_BUNDLE_IDENTIFIER = com.neza.SkatlicaZdravil;
				PRODUCT_NAME = "$(TARGET_NAME)";
				SWIFT_VERSION = 4.0;
				TARGETED_DEVICE_FAMILY = "1,2";
			};
			name = Debug;
		};
		E9743A1F20A9F9C600784CD9 /* Release */ = {
			isa = XCBuildConfiguration;
			baseConfigurationReference = 90F9402280FDE85E5E5D951A /* Pods-SkatlicaZdravil.release.xcconfig */;
			buildSettings = {
				ASSETCATALOG_COMPILER_APPICON_NAME = AppIcon;
				CODE_SIGN_STYLE = Automatic;
				DEVELOPMENT_TEAM = 25XAC893UN;
				INFOPLIST_FILE = SkatlicaZdravil/Info.plist;
				LD_RUNPATH_SEARCH_PATHS = (
					"$(inherited)",
					"@executable_path/Frameworks",
				);
				PRODUCT_BUNDLE_IDENTIFIER = com.neza.SkatlicaZdravil;
				PRODUCT_NAME = "$(TARGET_NAME)";
				SWIFT_VERSION = 4.0;
				TARGETED_DEVICE_FAMILY = "1,2";
			};
			name = Release;
		};
		E9743A2120A9F9C600784CD9 /* Debug */ = {
			isa = XCBuildConfiguration;
			buildSettings = {
				ALWAYS_EMBED_SWIFT_STANDARD_LIBRARIES = YES;
				BUNDLE_LOADER = "$(TEST_HOST)";
				CODE_SIGN_STYLE = Automatic;
				DEVELOPMENT_TEAM = 25XAC893UN;
				INFOPLIST_FILE = SkatlicaZdravilTests/Info.plist;
				LD_RUNPATH_SEARCH_PATHS = (
					"$(inherited)",
					"@executable_path/Frameworks",
					"@loader_path/Frameworks",
				);
				PRODUCT_BUNDLE_IDENTIFIER = com.neza.SkatlicaZdravilTests;
				PRODUCT_NAME = "$(TARGET_NAME)";
				SWIFT_VERSION = 4.0;
				TARGETED_DEVICE_FAMILY = "1,2";
				TEST_HOST = "$(BUILT_PRODUCTS_DIR)/SkatlicaZdravil.app/SkatlicaZdravil";
			};
			name = Debug;
		};
		E9743A2220A9F9C600784CD9 /* Release */ = {
			isa = XCBuildConfiguration;
			buildSettings = {
				ALWAYS_EMBED_SWIFT_STANDARD_LIBRARIES = YES;
				BUNDLE_LOADER = "$(TEST_HOST)";
				CODE_SIGN_STYLE = Automatic;
				DEVELOPMENT_TEAM = 25XAC893UN;
				INFOPLIST_FILE = SkatlicaZdravilTests/Info.plist;
				LD_RUNPATH_SEARCH_PATHS = (
					"$(inherited)",
					"@executable_path/Frameworks",
					"@loader_path/Frameworks",
				);
				PRODUCT_BUNDLE_IDENTIFIER = com.neza.SkatlicaZdravilTests;
				PRODUCT_NAME = "$(TARGET_NAME)";
				SWIFT_VERSION = 4.0;
				TARGETED_DEVICE_FAMILY = "1,2";
				TEST_HOST = "$(BUILT_PRODUCTS_DIR)/SkatlicaZdravil.app/SkatlicaZdravil";
			};
			name = Release;
		};
		E98BB4DF20C55D6200239C9B /* Debug */ = {
			isa = XCBuildConfiguration;
			buildSettings = {
				CODE_SIGN_STYLE = Automatic;
				DEVELOPMENT_TEAM = 25XAC893UN;
				INFOPLIST_FILE = cusotmNotif/Info.plist;
				LD_RUNPATH_SEARCH_PATHS = (
					"$(inherited)",
					"@executable_path/Frameworks",
					"@executable_path/../../Frameworks",
				);
				PRODUCT_BUNDLE_IDENTIFIER = com.neza.SkatlicaZdravil.cusotmNotif;
				PRODUCT_NAME = "$(TARGET_NAME)";
				SKIP_INSTALL = YES;
				SWIFT_VERSION = 4.0;
				TARGETED_DEVICE_FAMILY = "1,2";
			};
			name = Debug;
		};
		E98BB4E020C55D6200239C9B /* Release */ = {
			isa = XCBuildConfiguration;
			buildSettings = {
				CODE_SIGN_STYLE = Automatic;
				DEVELOPMENT_TEAM = 25XAC893UN;
				INFOPLIST_FILE = cusotmNotif/Info.plist;
				LD_RUNPATH_SEARCH_PATHS = (
					"$(inherited)",
					"@executable_path/Frameworks",
					"@executable_path/../../Frameworks",
				);
				PRODUCT_BUNDLE_IDENTIFIER = com.neza.SkatlicaZdravil.cusotmNotif;
				PRODUCT_NAME = "$(TARGET_NAME)";
				SKIP_INSTALL = YES;
				SWIFT_VERSION = 4.0;
				TARGETED_DEVICE_FAMILY = "1,2";
			};
			name = Release;
		};
/* End XCBuildConfiguration section */

/* Begin XCConfigurationList section */
		E97439FB20A9F9C400784CD9 /* Build configuration list for PBXProject "SkatlicaZdravil" */ = {
			isa = XCConfigurationList;
			buildConfigurations = (
				E9743A1B20A9F9C600784CD9 /* Debug */,
				E9743A1C20A9F9C600784CD9 /* Release */,
			);
			defaultConfigurationIsVisible = 0;
			defaultConfigurationName = Release;
		};
		E9743A1D20A9F9C600784CD9 /* Build configuration list for PBXNativeTarget "SkatlicaZdravil" */ = {
			isa = XCConfigurationList;
			buildConfigurations = (
				E9743A1E20A9F9C600784CD9 /* Debug */,
				E9743A1F20A9F9C600784CD9 /* Release */,
			);
			defaultConfigurationIsVisible = 0;
			defaultConfigurationName = Release;
		};
		E9743A2020A9F9C600784CD9 /* Build configuration list for PBXNativeTarget "SkatlicaZdravilTests" */ = {
			isa = XCConfigurationList;
			buildConfigurations = (
				E9743A2120A9F9C600784CD9 /* Debug */,
				E9743A2220A9F9C600784CD9 /* Release */,
			);
			defaultConfigurationIsVisible = 0;
			defaultConfigurationName = Release;
		};
		E98BB4DE20C55D6200239C9B /* Build configuration list for PBXNativeTarget "cusotmNotif" */ = {
			isa = XCConfigurationList;
			buildConfigurations = (
				E98BB4DF20C55D6200239C9B /* Debug */,
				E98BB4E020C55D6200239C9B /* Release */,
			);
			defaultConfigurationIsVisible = 0;
			defaultConfigurationName = Release;
		};
/* End XCConfigurationList section */
	};
	rootObject = E97439F820A9F9C400784CD9 /* Project object */;
}
